Microsoft Visual Studio Solution File, Format Version 12.00
# Visual Studio Version 17
VisualStudioVersion = 17.5.2.0
MinimumVisualStudioVersion = 10.0.40219.1
Project("{2150E333-8FDC-42A3-9474-1A3956D46DE8}") = "src", "src", "{827E0CD3-B72D-47B6-A68D-7590B98EB39B}"
EndProject
Project("{2150E333-8FDC-42A3-9474-1A3956D46DE8}") = "tmp", "tmp", "{673F7596-2BC2-664D-6776-E4576D2AFEE0}"
EndProject
Project("{FAE04EC0-301F-11D3-BF4B-00C04F79EFBC}") = "HorseFollowsYou", "src\HorseFollowsYou\HorseFollowsYou.csproj", "{BA277156-EBB8-A3A3-8312-0B07023D9381}"
EndProject
Project("{2150E333-8FDC-42A3-9474-1A3956D46DE8}") = "ORIGIN", "ORIGIN", "{BAB189BC-DE61-A630-4F8E-3E737981003B}"
EndProject
Project("{FAE04EC0-301F-11D3-BF4B-00C04F79EFBC}") = "Stardew-Valley", "tmp\ORIGIN\Stardew-Valley.csproj", "{D3E3D7C4-FD87-9D56-775D-06CE59EF830D}"
EndProject
Global
	GlobalSection(SolutionConfigurationPlatforms) = preSolution
		Debug|Any CPU = Debug|Any CPU
		Release|Any CPU = Release|Any CPU
	EndGlobalSection
	GlobalSection(ProjectConfigurationPlatforms) = postSolution
		{BA277156-EBB8-A3A3-8312-0B07023D9381}.Debug|Any CPU.ActiveCfg = Debug|Any CPU
		{BA277156-EBB8-A3A3-8312-0B07023D9381}.Debug|Any CPU.Build.0 = Debug|Any CPU
		{BA277156-EBB8-A3A3-8312-0B07023D9381}.Release|Any CPU.ActiveCfg = Release|Any CPU
		{BA277156-EBB8-A3A3-8312-0B07023D9381}.Release|Any CPU.Build.0 = Release|Any CPU
		{D3E3D7C4-FD87-9D56-775D-06CE59EF830D}.Debug|Any CPU.ActiveCfg = Debug|Any CPU
		{D3E3D7C4-FD87-9D56-775D-06CE59EF830D}.Debug|Any CPU.Build.0 = Debug|Any CPU
		{D3E3D7C4-FD87-9D56-775D-06CE59EF830D}.Release|Any CPU.ActiveCfg = Release|Any CPU
		{D3E3D7C4-FD87-9D56-775D-06CE59EF830D}.Release|Any CPU.Build.0 = Release|Any CPU
	EndGlobalSection
	GlobalSection(SolutionProperties) = preSolution
		HideSolutionNode = FALSE
	EndGlobalSection
	GlobalSection(NestedProjects) = preSolution
		{BA277156-EBB8-A3A3-8312-0B07023D9381} = {827E0CD3-B72D-47B6-A68D-7590B98EB39B}
		{BAB189BC-DE61-A630-4F8E-3E737981003B} = {673F7596-2BC2-664D-6776-E4576D2AFEE0}
		{D3E3D7C4-FD87-9D56-775D-06CE59EF830D} = {BAB189BC-DE61-A630-4F8E-3E737981003B}
	EndGlobalSection
	GlobalSection(ExtensibilityGlobals) = postSolution
		SolutionGuid = {82EF4E3E-133B-4C84-A20F-9160139611B6}
	EndGlobalSection
EndGlobal
